
Microsoft Visual Studio Solution File, Format Version 12.00
# Visual Studio Version 17
VisualStudioVersion = 17.9.34902.65
MinimumVisualStudioVersion = 10.0.40219.1
Project("{9A19103F-16F7-4668-BE54-9A1E7A4F7556}") = "DevFreela", "Devfreela\DevFreela.csproj", "{1D3F5369-3253-4219-A4FC-7602692394FC}"
EndProject
Project("{9A19103F-16F7-4668-BE54-9A1E7A4F7556}") = "DevFreela.Core", "DevFreela.Core\DevFreela.Core.csproj", "{CAC77543-7C07-4FD5-8B3B-EDF0705D80D7}"
EndProject
Project("{9A19103F-16F7-4668-BE54-9A1E7A4F7556}") = "DevFreela.Infrastructure", "DevFreela.Infrastructure\DevFreela.Infrastructure.csproj", "{87D4CF19-155E-4D26-97B1-FE305CB1628F}"
EndProject
Project("{FAE04EC0-301F-11D3-BF4B-00C04F79EFBC}") = "DevFreela.Application", "DevFreela.Application\DevFreela.Application.csproj", "{F8FC21B0-2163-4D5B-8E23-5557AF5A4895}"
EndProject
Global
	GlobalSection(SolutionConfigurationPlatforms) = preSolution
		Debug|Any CPU = Debug|Any CPU
		Release|Any CPU = Release|Any CPU
	EndGlobalSection
	GlobalSection(ProjectConfigurationPlatforms) = postSolution
		{1D3F5369-3253-4219-A4FC-7602692394FC}.Debug|Any CPU.ActiveCfg = Debug|Any CPU
		{1D3F5369-3253-4219-A4FC-7602692394FC}.Debug|Any CPU.Build.0 = Debug|Any CPU
		{1D3F5369-3253-4219-A4FC-7602692394FC}.Release|Any CPU.ActiveCfg = Release|Any CPU
		{1D3F5369-3253-4219-A4FC-7602692394FC}.Release|Any CPU.Build.0 = Release|Any CPU
		{CAC77543-7C07-4FD5-8B3B-EDF0705D80D7}.Debug|Any CPU.ActiveCfg = Debug|Any CPU
		{CAC77543-7C07-4FD5-8B3B-EDF0705D80D7}.Debug|Any CPU.Build.0 = Debug|Any CPU
		{CAC77543-7C07-4FD5-8B3B-EDF0705D80D7}.Release|Any CPU.ActiveCfg = Release|Any CPU
		{CAC77543-7C07-4FD5-8B3B-EDF0705D80D7}.Release|Any CPU.Build.0 = Release|Any CPU
		{87D4CF19-155E-4D26-97B1-FE305CB1628F}.Debug|Any CPU.ActiveCfg = Debug|Any CPU
		{87D4CF19-155E-4D26-97B1-FE305CB1628F}.Debug|Any CPU.Build.0 = Debug|Any CPU
		{87D4CF19-155E-4D26-97B1-FE305CB1628F}.Release|Any CPU.ActiveCfg = Release|Any CPU
		{87D4CF19-155E-4D26-97B1-FE305CB1628F}.Release|Any CPU.Build.0 = Release|Any CPU
		{F8FC21B0-2163-4D5B-8E23-5557AF5A4895}.Debug|Any CPU.ActiveCfg = Debug|Any CPU
		{F8FC21B0-2163-4D5B-8E23-5557AF5A4895}.Debug|Any CPU.Build.0 = Debug|Any CPU
		{F8FC21B0-2163-4D5B-8E23-5557AF5A4895}.Release|Any CPU.ActiveCfg = Release|Any CPU
		{F8FC21B0-2163-4D5B-8E23-5557AF5A4895}.Release|Any CPU.Build.0 = Release|Any CPU
	EndGlobalSection
	GlobalSection(SolutionProperties) = preSolution
		HideSolutionNode = FALSE
	EndGlobalSection
	GlobalSection(ExtensibilityGlobals) = postSolution
		SolutionGuid = {4F582EB9-250D-49AA-B682-040B9FACC1FB}
	EndGlobalSection
EndGlobal
